
Microsoft Visual Studio Solution File, Format Version 12.00
# Visual Studio 15
VisualStudioVersion = 15.0.27130.2036
MinimumVisualStudioVersion = 10.0.40219.1
Project("{FAE04EC0-301F-11D3-BF4B-00C04F79EFBC}") = "WpfApplication", "WpfApplication\WpfApplication.csproj", "{423571EA-8496-42B2-BF14-170258B1DE1D}"
EndProject
Global
	GlobalSection(SolutionConfigurationPlatforms) = preSolution
		Debug|Any CPU = Debug|Any CPU
		Release|Any CPU = Release|Any CPU
	EndGlobalSection
	GlobalSection(ProjectConfigurationPlatforms) = postSolution
		{423571EA-8496-42B2-BF14-170258B1DE1D}.Debug|Any CPU.ActiveCfg = Debug|Any CPU
		{423571EA-8496-42B2-BF14-170258B1DE1D}.Debug|Any CPU.Build.0 = Debug|Any CPU
		{423571EA-8496-42B2-BF14-170258B1DE1D}.Release|Any CPU.ActiveCfg = Release|Any CPU
		{423571EA-8496-42B2-BF14-170258B1DE1D}.Release|Any CPU.Build.0 = Release|Any CPU
	EndGlobalSection
	GlobalSection(SolutionProperties) = preSolution
		HideSolutionNode = FALSE
	EndGlobalSection
	GlobalSection(ExtensibilityGlobals) = postSolution
		SolutionGuid = {AFDE2337-C308-4DF7-BFF7-0AE73D9B51AF}
	EndGlobalSection
EndGlobal
